
Microsoft Visual Studio Solution File, Format Version 12.00
# Visual Studio Version 17
VisualStudioVersion = 17.7.34024.191
MinimumVisualStudioVersion = 10.0.40219.1
Project("{FAE04EC0-301F-11D3-BF4B-00C04F79EFBC}") = "01.ExampleChatConsole", "01.ExampleChatConsole.csproj", "{3F7321D8-0B97-4D7E-B29D-763B62BE0A7E}"
EndProject
Global
	GlobalSection(SolutionConfigurationPlatforms) = preSolution
		Debug|Any CPU = Debug|Any CPU
		Release|Any CPU = Release|Any CPU
	EndGlobalSection
	GlobalSection(ProjectConfigurationPlatforms) = postSolution
		{3F7321D8-0B97-4D7E-B29D-763B62BE0A7E}.Debug|Any CPU.ActiveCfg = Debug|Any CPU
		{3F7321D8-0B97-4D7E-B29D-763B62BE0A7E}.Debug|Any CPU.Build.0 = Debug|Any CPU
		{3F7321D8-0B97-4D7E-B29D-763B62BE0A7E}.Release|Any CPU.ActiveCfg = Release|Any CPU
		{3F7321D8-0B97-4D7E-B29D-763B62BE0A7E}.Release|Any CPU.Build.0 = Release|Any CPU
	EndGlobalSection
	GlobalSection(SolutionProperties) = preSolution
		HideSolutionNode = FALSE
	EndGlobalSection
	GlobalSection(ExtensibilityGlobals) = postSolution
		SolutionGuid = {E52B6072-E4A2-43F3-AD5E-6B5A1F002491}
	EndGlobalSection
EndGlobal
